// !$*UTF8*$!
{
	archiveVersion = 1;
	classes = {
	};
	objectVersion = 46;
	objects = {

/* Begin PBXBuildFile section */
		1708784E1F26540300FE42AF /* AppDelegate.swift in Sources */ = {isa = PBXBuildFile; fileRef = 1708784D1F26540300FE42AF /* AppDelegate.swift */; };
		170878551F26540300FE42AF /* Assets.xcassets in Resources */ = {isa = PBXBuildFile; fileRef = 170878541F26540300FE42AF /* Assets.xcassets */; };
		170878581F26540300FE42AF /* LaunchScreen.storyboard in Resources */ = {isa = PBXBuildFile; fileRef = 170878561F26540300FE42AF /* LaunchScreen.storyboard */; };
		170878631F26540300FE42AF /* Binge_TrackerTests.swift in Sources */ = {isa = PBXBuildFile; fileRef = 170878621F26540300FE42AF /* Binge_TrackerTests.swift */; };
		1708786E1F26540300FE42AF /* Binge_TrackerUITests.swift in Sources */ = {isa = PBXBuildFile; fileRef = 1708786D1F26540300FE42AF /* Binge_TrackerUITests.swift */; };
		1708787F1F26572300FE42AF /* BRButton.swift in Sources */ = {isa = PBXBuildFile; fileRef = 1708787E1F26572300FE42AF /* BRButton.swift */; };
		170878811F26574500FE42AF /* BRKeyboard.swift in Sources */ = {isa = PBXBuildFile; fileRef = 170878801F26574500FE42AF /* BRKeyboard.swift */; };
		170878831F26576300FE42AF /* Util.swift in Sources */ = {isa = PBXBuildFile; fileRef = 170878821F26576300FE42AF /* Util.swift */; };
		170878881F26581800FE42AF /* InitialViewController.swift in Sources */ = {isa = PBXBuildFile; fileRef = 170878861F26581800FE42AF /* InitialViewController.swift */; };
		170878891F26581800FE42AF /* InitialViewController.xib in Resources */ = {isa = PBXBuildFile; fileRef = 170878871F26581800FE42AF /* InitialViewController.xib */; };
		1708788D1F2658EF00FE42AF /* LoginViewController.swift in Sources */ = {isa = PBXBuildFile; fileRef = 1708788B1F2658EF00FE42AF /* LoginViewController.swift */; };
		1708788E1F2658EF00FE42AF /* LoginViewController.xib in Resources */ = {isa = PBXBuildFile; fileRef = 1708788C1F2658EF00FE42AF /* LoginViewController.xib */; };
		170878911F265A0A00FE42AF /* RealmUser.swift in Sources */ = {isa = PBXBuildFile; fileRef = 170878901F265A0A00FE42AF /* RealmUser.swift */; };
		170878961F265A5D00FE42AF /* Usuario.swift in Sources */ = {isa = PBXBuildFile; fileRef = 170878951F265A5D00FE42AF /* Usuario.swift */; };
		172580201F265C50003F822C /* SignupViewController.swift in Sources */ = {isa = PBXBuildFile; fileRef = 1725801E1F265C50003F822C /* SignupViewController.swift */; };
		172580211F265C50003F822C /* SignupViewController.xib in Resources */ = {isa = PBXBuildFile; fileRef = 1725801F1F265C50003F822C /* SignupViewController.xib */; };
		172580231F265D0F003F822C /* RealmManager.swift in Sources */ = {isa = PBXBuildFile; fileRef = 172580221F265D0F003F822C /* RealmManager.swift */; };
		1725805F1F266023003F822C /* Calendars.swift in Sources */ = {isa = PBXBuildFile; fileRef = 172580271F266023003F822C /* Calendars.swift */; };
		172580601F266023003F822C /* Checkin.swift in Sources */ = {isa = PBXBuildFile; fileRef = 172580281F266023003F822C /* Checkin.swift */; };
		172580611F266023003F822C /* Comments.swift in Sources */ = {isa = PBXBuildFile; fileRef = 172580291F266023003F822C /* Comments.swift */; };
		172580621F266023003F822C /* CompletionHandlers.swift in Sources */ = {isa = PBXBuildFile; fileRef = 1725802A1F266023003F822C /* CompletionHandlers.swift */; };
		172580631F266023003F822C /* DateParser.swift in Sources */ = {isa = PBXBuildFile; fileRef = 1725802B1F266023003F822C /* DateParser.swift */; };
		172580641F266023003F822C /* Enums.swift in Sources */ = {isa = PBXBuildFile; fileRef = 1725802C1F266023003F822C /* Enums.swift */; };
		172580651F266023003F822C /* Episodes.swift in Sources */ = {isa = PBXBuildFile; fileRef = 1725802D1F266023003F822C /* Episodes.swift */; };
		172580661F266023003F822C /* Extensions.swift in Sources */ = {isa = PBXBuildFile; fileRef = 1725802E1F266023003F822C /* Extensions.swift */; };
		172580671F266023003F822C /* Filters.swift in Sources */ = {isa = PBXBuildFile; fileRef = 1725802F1F266023003F822C /* Filters.swift */; };
		172580681F266023003F822C /* Genres.swift in Sources */ = {isa = PBXBuildFile; fileRef = 172580301F266023003F822C /* Genres.swift */; };
		172580691F266023003F822C /* HiddenItem.swift in Sources */ = {isa = PBXBuildFile; fileRef = 172580311F266023003F822C /* HiddenItem.swift */; };
		1725806A1F266023003F822C /* MLKeychain.swift in Sources */ = {isa = PBXBuildFile; fileRef = 172580321F266023003F822C /* MLKeychain.swift */; };
		1725806B1F266023003F822C /* Movies.swift in Sources */ = {isa = PBXBuildFile; fileRef = 172580331F266023003F822C /* Movies.swift */; };
		1725806C1F266023003F822C /* Pagination.swift in Sources */ = {isa = PBXBuildFile; fileRef = 172580341F266023003F822C /* Pagination.swift */; };
		1725806D1F266023003F822C /* People.swift in Sources */ = {isa = PBXBuildFile; fileRef = 172580351F266023003F822C /* People.swift */; };
		1725806E1F266023003F822C /* Recommendations.swift in Sources */ = {isa = PBXBuildFile; fileRef = 172580361F266023003F822C /* Recommendations.swift */; };
		1725806F1F266023003F822C /* Scrobble.swift in Sources */ = {isa = PBXBuildFile; fileRef = 172580371F266023003F822C /* Scrobble.swift */; };
		172580701F266023003F822C /* Search.swift in Sources */ = {isa = PBXBuildFile; fileRef = 172580381F266023003F822C /* Search.swift */; };
		172580711F266023003F822C /* Seasons.swift in Sources */ = {isa = PBXBuildFile; fileRef = 172580391F266023003F822C /* Seasons.swift */; };
		172580721F266023003F822C /* SharedFunctions.swift in Sources */ = {isa = PBXBuildFile; fileRef = 1725803A1F266023003F822C /* SharedFunctions.swift */; };
		172580731F266023003F822C /* Shows.swift in Sources */ = {isa = PBXBuildFile; fileRef = 1725803B1F266023003F822C /* Shows.swift */; };
		172580741F266023003F822C /* Structures.swift in Sources */ = {isa = PBXBuildFile; fileRef = 1725803C1F266023003F822C /* Structures.swift */; };
		172580751F266023003F822C /* Sync.swift in Sources */ = {isa = PBXBuildFile; fileRef = 1725803D1F266023003F822C /* Sync.swift */; };
		172580761F266023003F822C /* TraktAnticipatedMovie.swift in Sources */ = {isa = PBXBuildFile; fileRef = 1725803E1F266023003F822C /* TraktAnticipatedMovie.swift */; };
		172580771F266023003F822C /* TraktAnticipatedShow.swift in Sources */ = {isa = PBXBuildFile; fileRef = 1725803F1F266023003F822C /* TraktAnticipatedShow.swift */; };
		172580781F266023003F822C /* TraktBoxOfficeMovie.swift in Sources */ = {isa = PBXBuildFile; fileRef = 172580401F266023003F822C /* TraktBoxOfficeMovie.swift */; };
		172580791F266023003F822C /* TraktCastMember.swift in Sources */ = {isa = PBXBuildFile; fileRef = 172580411F266023003F822C /* TraktCastMember.swift */; };
		1725807A1F266023003F822C /* TraktCheckin.swift in Sources */ = {isa = PBXBuildFile; fileRef = 172580421F266023003F822C /* TraktCheckin.swift */; };
		1725807B1F266023003F822C /* TraktCollectedItem.swift in Sources */ = {isa = PBXBuildFile; fileRef = 172580431F266023003F822C /* TraktCollectedItem.swift */; };
		1725807C1F266023003F822C /* TraktComment.swift in Sources */ = {isa = PBXBuildFile; fileRef = 172580441F266023003F822C /* TraktComment.swift */; };
		1725807D1F266023003F822C /* TraktCrewMember.swift in Sources */ = {isa = PBXBuildFile; fileRef = 172580451F266023003F822C /* TraktCrewMember.swift */; };
		1725807E1F266023003F822C /* TraktDVDReleaseMovie.swift in Sources */ = {isa = PBXBuildFile; fileRef = 172580461F266023003F822C /* TraktDVDReleaseMovie.swift */; };
		1725807F1F266023003F822C /* TraktEpisode.swift in Sources */ = {isa = PBXBuildFile; fileRef = 172580471F266023003F822C /* TraktEpisode.swift */; };
		172580801F266023003F822C /* TraktHistoryItem.swift in Sources */ = {isa = PBXBuildFile; fileRef = 172580481F266023003F822C /* TraktHistoryItem.swift */; };
		172580811F266023003F822C /* TraktList.swift in Sources */ = {isa = PBXBuildFile; fileRef = 172580491F266023003F822C /* TraktList.swift */; };
		172580821F266023003F822C /* TraktListItem.swift in Sources */ = {isa = PBXBuildFile; fileRef = 1725804A1F266023003F822C /* TraktListItem.swift */; };
		172580831F266023003F822C /* TraktManager.swift in Sources */ = {isa = PBXBuildFile; fileRef = 1725804B1F266023003F822C /* TraktManager.swift */; };
		172580841F266023003F822C /* TraktMostShow.swift in Sources */ = {isa = PBXBuildFile; fileRef = 1725804C1F266023003F822C /* TraktMostShow.swift */; };
		172580851F266023003F822C /* TraktMovie.swift in Sources */ = {isa = PBXBuildFile; fileRef = 1725804D1F266023003F822C /* TraktMovie.swift */; };
		172580861F266023003F822C /* TraktMovieTranslation.swift in Sources */ = {isa = PBXBuildFile; fileRef = 1725804E1F266023003F822C /* TraktMovieTranslation.swift */; };
		172580871F266023003F822C /* TraktPerson.swift in Sources */ = {isa = PBXBuildFile; fileRef = 1725804F1F266023003F822C /* TraktPerson.swift */; };
		172580881F266023003F822C /* TraktRating.swift in Sources */ = {isa = PBXBuildFile; fileRef = 172580501F266023003F822C /* TraktRating.swift */; };
		172580891F266023003F822C /* TraktSearchResult.swift in Sources */ = {isa = PBXBuildFile; fileRef = 172580511F266023003F822C /* TraktSearchResult.swift */; };
		1725808A1F266023003F822C /* TraktSeason.swift in Sources */ = {isa = PBXBuildFile; fileRef = 172580521F266023003F822C /* TraktSeason.swift */; };
		1725808B1F266023003F822C /* TraktShow.swift in Sources */ = {isa = PBXBuildFile; fileRef = 172580531F266023003F822C /* TraktShow.swift */; };
		1725808C1F266023003F822C /* TraktShowTranslation.swift in Sources */ = {isa = PBXBuildFile; fileRef = 172580541F266023003F822C /* TraktShowTranslation.swift */; };
		1725808D1F266023003F822C /* TraktTrendingMovie.swift in Sources */ = {isa = PBXBuildFile; fileRef = 172580551F266023003F822C /* TraktTrendingMovie.swift */; };
		1725808E1F266023003F822C /* TraktTrendingShow.swift in Sources */ = {isa = PBXBuildFile; fileRef = 172580561F266023003F822C /* TraktTrendingShow.swift */; };
		1725808F1F266023003F822C /* TraktUser.swift in Sources */ = {isa = PBXBuildFile; fileRef = 172580571F266023003F822C /* TraktUser.swift */; };
		172580901F266023003F822C /* TraktWatchedEpisodes.swift in Sources */ = {isa = PBXBuildFile; fileRef = 172580581F266023003F822C /* TraktWatchedEpisodes.swift */; };
		172580911F266023003F822C /* TraktWatchedMovie.swift in Sources */ = {isa = PBXBuildFile; fileRef = 172580591F266023003F822C /* TraktWatchedMovie.swift */; };
		172580921F266023003F822C /* TraktWatchedProgress.swift in Sources */ = {isa = PBXBuildFile; fileRef = 1725805A1F266023003F822C /* TraktWatchedProgress.swift */; };
		172580931F266023003F822C /* TraktWatchedSeason.swift in Sources */ = {isa = PBXBuildFile; fileRef = 1725805B1F266023003F822C /* TraktWatchedSeason.swift */; };
		172580941F266023003F822C /* TraktWatchedShow.swift in Sources */ = {isa = PBXBuildFile; fileRef = 1725805C1F266023003F822C /* TraktWatchedShow.swift */; };
		172580951F266023003F822C /* TraktWatching.swift in Sources */ = {isa = PBXBuildFile; fileRef = 1725805D1F266023003F822C /* TraktWatching.swift */; };
		172580961F266023003F822C /* Users.swift in Sources */ = {isa = PBXBuildFile; fileRef = 1725805E1F266023003F822C /* Users.swift */; };
		172580A41F2667EF003F822C /* WatchListViewController.swift in Sources */ = {isa = PBXBuildFile; fileRef = 172580A21F2667EF003F822C /* WatchListViewController.swift */; };
		172580A51F2667EF003F822C /* WatchListViewController.xib in Resources */ = {isa = PBXBuildFile; fileRef = 172580A31F2667EF003F822C /* WatchListViewController.xib */; };
		172580A81F266801003F822C /* WatchListTableViewCell.swift in Sources */ = {isa = PBXBuildFile; fileRef = 172580A61F266801003F822C /* WatchListTableViewCell.swift */; };
		172580A91F266801003F822C /* WatchListTableViewCell.xib in Resources */ = {isa = PBXBuildFile; fileRef = 172580A71F266801003F822C /* WatchListTableViewCell.xib */; };
		172580AC1F266813003F822C /* DetailsViewController.swift in Sources */ = {isa = PBXBuildFile; fileRef = 172580AA1F266813003F822C /* DetailsViewController.swift */; };
		172580AD1F266813003F822C /* DetailsViewController.xib in Resources */ = {isa = PBXBuildFile; fileRef = 172580AB1F266813003F822C /* DetailsViewController.xib */; };
		172580B11F266832003F822C /* ProfileViewController.swift in Sources */ = {isa = PBXBuildFile; fileRef = 172580AF1F266832003F822C /* ProfileViewController.swift */; };
		172580B21F266832003F822C /* ProfileViewController.xib in Resources */ = {isa = PBXBuildFile; fileRef = 172580B01F266832003F822C /* ProfileViewController.xib */; };
		172580B61F266858003F822C /* SearchViewController.swift in Sources */ = {isa = PBXBuildFile; fileRef = 172580B41F266858003F822C /* SearchViewController.swift */; };
		172580B71F266858003F822C /* SearchViewController.xib in Resources */ = {isa = PBXBuildFile; fileRef = 172580B51F266858003F822C /* SearchViewController.xib */; };
		172580B91F266A0F003F822C /* Serie.swift in Sources */ = {isa = PBXBuildFile; fileRef = 172580B81F266A0F003F822C /* Serie.swift */; };
		7A9F2AFBF2DBD7DAB2BDD127 /* Pods_Binge_TrackerUITests.framework in Frameworks */ = {isa = PBXBuildFile; fileRef = 81899386A01AB04549D17DC7 /* Pods_Binge_TrackerUITests.framework */; };
		C4CCA8B72E1C63D1E36218E5 /* Pods_Binge_Tracker.framework in Frameworks */ = {isa = PBXBuildFile; fileRef = 54172AF16A19DE56DEB97816 /* Pods_Binge_Tracker.framework */; };
		F122300A0E4DAA03163DD4CC /* Pods_Binge_TrackerTests.framework in Frameworks */ = {isa = PBXBuildFile; fileRef = 08207215194B8D7B3B8BCD74 /* Pods_Binge_TrackerTests.framework */; };
/* End PBXBuildFile section */

/* Begin PBXContainerItemProxy section */
		1708785F1F26540300FE42AF /* PBXContainerItemProxy */ = {
			isa = PBXContainerItemProxy;
			containerPortal = 170878421F26540300FE42AF /* Project object */;
			proxyType = 1;
			remoteGlobalIDString = 170878491F26540300FE42AF;
			remoteInfo = "Binge Tracker";
		};
		1708786A1F26540300FE42AF /* PBXContainerItemProxy */ = {
			isa = PBXContainerItemProxy;
			containerPortal = 170878421F26540300FE42AF /* Project object */;
			proxyType = 1;
			remoteGlobalIDString = 170878491F26540300FE42AF;
			remoteInfo = "Binge Tracker";
		};
/* End PBXContainerItemProxy section */

/* Begin PBXFileReference section */
		08207215194B8D7B3B8BCD74 /* Pods_Binge_TrackerTests.framework */ = {isa = PBXFileReference; explicitFileType = wrapper.framework; includeInIndex = 0; path = Pods_Binge_TrackerTests.framework; sourceTree = BUILT_PRODUCTS_DIR; };
		1708784A1F26540300FE42AF /* Binge Tracker.app */ = {isa = PBXFileReference; explicitFileType = wrapper.application; includeInIndex = 0; path = "Binge Tracker.app"; sourceTree = BUILT_PRODUCTS_DIR; };
		1708784D1F26540300FE42AF /* AppDelegate.swift */ = {isa = PBXFileReference; lastKnownFileType = sourcecode.swift; path = AppDelegate.swift; sourceTree = "<group>"; };
		170878541F26540300FE42AF /* Assets.xcassets */ = {isa = PBXFileReference; lastKnownFileType = folder.assetcatalog; path = Assets.xcassets; sourceTree = "<group>"; };
		170878571F26540300FE42AF /* Base */ = {isa = PBXFileReference; lastKnownFileType = file.storyboard; name = Base; path = Base.lproj/LaunchScreen.storyboard; sourceTree = "<group>"; };
		170878591F26540300FE42AF /* Info.plist */ = {isa = PBXFileReference; lastKnownFileType = text.plist.xml; path = Info.plist; sourceTree = "<group>"; };
		1708785E1F26540300FE42AF /* Binge TrackerTests.xctest */ = {isa = PBXFileReference; explicitFileType = wrapper.cfbundle; includeInIndex = 0; path = "Binge TrackerTests.xctest"; sourceTree = BUILT_PRODUCTS_DIR; };
		170878621F26540300FE42AF /* Binge_TrackerTests.swift */ = {isa = PBXFileReference; lastKnownFileType = sourcecode.swift; path = Binge_TrackerTests.swift; sourceTree = "<group>"; };
		170878641F26540300FE42AF /* Info.plist */ = {isa = PBXFileReference; lastKnownFileType = text.plist.xml; path = Info.plist; sourceTree = "<group>"; };
		170878691F26540300FE42AF /* Binge TrackerUITests.xctest */ = {isa = PBXFileReference; explicitFileType = wrapper.cfbundle; includeInIndex = 0; path = "Binge TrackerUITests.xctest"; sourceTree = BUILT_PRODUCTS_DIR; };
		1708786D1F26540300FE42AF /* Binge_TrackerUITests.swift */ = {isa = PBXFileReference; lastKnownFileType = sourcecode.swift; path = Binge_TrackerUITests.swift; sourceTree = "<group>"; };
		1708786F1F26540300FE42AF /* Info.plist */ = {isa = PBXFileReference; lastKnownFileType = text.plist.xml; path = Info.plist; sourceTree = "<group>"; };
		1708787E1F26572300FE42AF /* BRButton.swift */ = {isa = PBXFileReference; fileEncoding = 4; lastKnownFileType = sourcecode.swift; path = BRButton.swift; sourceTree = "<group>"; };
		170878801F26574500FE42AF /* BRKeyboard.swift */ = {isa = PBXFileReference; fileEncoding = 4; lastKnownFileType = sourcecode.swift; path = BRKeyboard.swift; sourceTree = "<group>"; };
		170878821F26576300FE42AF /* Util.swift */ = {isa = PBXFileReference; fileEncoding = 4; lastKnownFileType = sourcecode.swift; path = Util.swift; sourceTree = "<group>"; };
		170878861F26581800FE42AF /* InitialViewController.swift */ = {isa = PBXFileReference; fileEncoding = 4; lastKnownFileType = sourcecode.swift; path = InitialViewController.swift; sourceTree = "<group>"; };
		170878871F26581800FE42AF /* InitialViewController.xib */ = {isa = PBXFileReference; fileEncoding = 4; lastKnownFileType = file.xib; path = InitialViewController.xib; sourceTree = "<group>"; };
		1708788B1F2658EF00FE42AF /* LoginViewController.swift */ = {isa = PBXFileReference; fileEncoding = 4; lastKnownFileType = sourcecode.swift; path = LoginViewController.swift; sourceTree = "<group>"; };
		1708788C1F2658EF00FE42AF /* LoginViewController.xib */ = {isa = PBXFileReference; fileEncoding = 4; lastKnownFileType = file.xib; path = LoginViewController.xib; sourceTree = "<group>"; };
		170878901F265A0A00FE42AF /* RealmUser.swift */ = {isa = PBXFileReference; fileEncoding = 4; lastKnownFileType = sourcecode.swift; path = RealmUser.swift; sourceTree = "<group>"; };
		170878951F265A5D00FE42AF /* Usuario.swift */ = {isa = PBXFileReference; fileEncoding = 4; lastKnownFileType = sourcecode.swift; path = Usuario.swift; sourceTree = "<group>"; };
		1725801E1F265C50003F822C /* SignupViewController.swift */ = {isa = PBXFileReference; fileEncoding = 4; lastKnownFileType = sourcecode.swift; path = SignupViewController.swift; sourceTree = "<group>"; };
		1725801F1F265C50003F822C /* SignupViewController.xib */ = {isa = PBXFileReference; fileEncoding = 4; lastKnownFileType = file.xib; path = SignupViewController.xib; sourceTree = "<group>"; };
		172580221F265D0F003F822C /* RealmManager.swift */ = {isa = PBXFileReference; fileEncoding = 4; lastKnownFileType = sourcecode.swift; path = RealmManager.swift; sourceTree = "<group>"; };
		172580271F266023003F822C /* Calendars.swift */ = {isa = PBXFileReference; fileEncoding = 4; lastKnownFileType = sourcecode.swift; path = Calendars.swift; sourceTree = "<group>"; };
		172580281F266023003F822C /* Checkin.swift */ = {isa = PBXFileReference; fileEncoding = 4; lastKnownFileType = sourcecode.swift; path = Checkin.swift; sourceTree = "<group>"; };
		172580291F266023003F822C /* Comments.swift */ = {isa = PBXFileReference; fileEncoding = 4; lastKnownFileType = sourcecode.swift; path = Comments.swift; sourceTree = "<group>"; };
		1725802A1F266023003F822C /* CompletionHandlers.swift */ = {isa = PBXFileReference; fileEncoding = 4; lastKnownFileType = sourcecode.swift; path = CompletionHandlers.swift; sourceTree = "<group>"; };
		1725802B1F266023003F822C /* DateParser.swift */ = {isa = PBXFileReference; fileEncoding = 4; lastKnownFileType = sourcecode.swift; path = DateParser.swift; sourceTree = "<group>"; };
		1725802C1F266023003F822C /* Enums.swift */ = {isa = PBXFileReference; fileEncoding = 4; lastKnownFileType = sourcecode.swift; path = Enums.swift; sourceTree = "<group>"; };
		1725802D1F266023003F822C /* Episodes.swift */ = {isa = PBXFileReference; fileEncoding = 4; lastKnownFileType = sourcecode.swift; path = Episodes.swift; sourceTree = "<group>"; };
		1725802E1F266023003F822C /* Extensions.swift */ = {isa = PBXFileReference; fileEncoding = 4; lastKnownFileType = sourcecode.swift; path = Extensions.swift; sourceTree = "<group>"; };
		1725802F1F266023003F822C /* Filters.swift */ = {isa = PBXFileReference; fileEncoding = 4; lastKnownFileType = sourcecode.swift; path = Filters.swift; sourceTree = "<group>"; };
		172580301F266023003F822C /* Genres.swift */ = {isa = PBXFileReference; fileEncoding = 4; lastKnownFileType = sourcecode.swift; path = Genres.swift; sourceTree = "<group>"; };
		172580311F266023003F822C /* HiddenItem.swift */ = {isa = PBXFileReference; fileEncoding = 4; lastKnownFileType = sourcecode.swift; path = HiddenItem.swift; sourceTree = "<group>"; };
		172580321F266023003F822C /* MLKeychain.swift */ = {isa = PBXFileReference; fileEncoding = 4; lastKnownFileType = sourcecode.swift; path = MLKeychain.swift; sourceTree = "<group>"; };
		172580331F266023003F822C /* Movies.swift */ = {isa = PBXFileReference; fileEncoding = 4; lastKnownFileType = sourcecode.swift; path = Movies.swift; sourceTree = "<group>"; };
		172580341F266023003F822C /* Pagination.swift */ = {isa = PBXFileReference; fileEncoding = 4; lastKnownFileType = sourcecode.swift; path = Pagination.swift; sourceTree = "<group>"; };
		172580351F266023003F822C /* People.swift */ = {isa = PBXFileReference; fileEncoding = 4; lastKnownFileType = sourcecode.swift; path = People.swift; sourceTree = "<group>"; };
		172580361F266023003F822C /* Recommendations.swift */ = {isa = PBXFileReference; fileEncoding = 4; lastKnownFileType = sourcecode.swift; path = Recommendations.swift; sourceTree = "<group>"; };
		172580371F266023003F822C /* Scrobble.swift */ = {isa = PBXFileReference; fileEncoding = 4; lastKnownFileType = sourcecode.swift; path = Scrobble.swift; sourceTree = "<group>"; };
		172580381F266023003F822C /* Search.swift */ = {isa = PBXFileReference; fileEncoding = 4; lastKnownFileType = sourcecode.swift; path = Search.swift; sourceTree = "<group>"; };
		172580391F266023003F822C /* Seasons.swift */ = {isa = PBXFileReference; fileEncoding = 4; lastKnownFileType = sourcecode.swift; path = Seasons.swift; sourceTree = "<group>"; };
		1725803A1F266023003F822C /* SharedFunctions.swift */ = {isa = PBXFileReference; fileEncoding = 4; lastKnownFileType = sourcecode.swift; path = SharedFunctions.swift; sourceTree = "<group>"; };
		1725803B1F266023003F822C /* Shows.swift */ = {isa = PBXFileReference; fileEncoding = 4; lastKnownFileType = sourcecode.swift; path = Shows.swift; sourceTree = "<group>"; };
		1725803C1F266023003F822C /* Structures.swift */ = {isa = PBXFileReference; fileEncoding = 4; lastKnownFileType = sourcecode.swift; path = Structures.swift; sourceTree = "<group>"; };
		1725803D1F266023003F822C /* Sync.swift */ = {isa = PBXFileReference; fileEncoding = 4; lastKnownFileType = sourcecode.swift; path = Sync.swift; sourceTree = "<group>"; };
		1725803E1F266023003F822C /* TraktAnticipatedMovie.swift */ = {isa = PBXFileReference; fileEncoding = 4; lastKnownFileType = sourcecode.swift; path = TraktAnticipatedMovie.swift; sourceTree = "<group>"; };
		1725803F1F266023003F822C /* TraktAnticipatedShow.swift */ = {isa = PBXFileReference; fileEncoding = 4; lastKnownFileType = sourcecode.swift; path = TraktAnticipatedShow.swift; sourceTree = "<group>"; };
		172580401F266023003F822C /* TraktBoxOfficeMovie.swift */ = {isa = PBXFileReference; fileEncoding = 4; lastKnownFileType = sourcecode.swift; path = TraktBoxOfficeMovie.swift; sourceTree = "<group>"; };
		172580411F266023003F822C /* TraktCastMember.swift */ = {isa = PBXFileReference; fileEncoding = 4; lastKnownFileType = sourcecode.swift; path = TraktCastMember.swift; sourceTree = "<group>"; };
		172580421F266023003F822C /* TraktCheckin.swift */ = {isa = PBXFileReference; fileEncoding = 4; lastKnownFileType = sourcecode.swift; path = TraktCheckin.swift; sourceTree = "<group>"; };
		172580431F266023003F822C /* TraktCollectedItem.swift */ = {isa = PBXFileReference; fileEncoding = 4; lastKnownFileType = sourcecode.swift; path = TraktCollectedItem.swift; sourceTree = "<group>"; };
		172580441F266023003F822C /* TraktComment.swift */ = {isa = PBXFileReference; fileEncoding = 4; lastKnownFileType = sourcecode.swift; path = TraktComment.swift; sourceTree = "<group>"; };
		172580451F266023003F822C /* TraktCrewMember.swift */ = {isa = PBXFileReference; fileEncoding = 4; lastKnownFileType = sourcecode.swift; path = TraktCrewMember.swift; sourceTree = "<group>"; };
		172580461F266023003F822C /* TraktDVDReleaseMovie.swift */ = {isa = PBXFileReference; fileEncoding = 4; lastKnownFileType = sourcecode.swift; path = TraktDVDReleaseMovie.swift; sourceTree = "<group>"; };
		172580471F266023003F822C /* TraktEpisode.swift */ = {isa = PBXFileReference; fileEncoding = 4; lastKnownFileType = sourcecode.swift; path = TraktEpisode.swift; sourceTree = "<group>"; };
		172580481F266023003F822C /* TraktHistoryItem.swift */ = {isa = PBXFileReference; fileEncoding = 4; lastKnownFileType = sourcecode.swift; path = TraktHistoryItem.swift; sourceTree = "<group>"; };
		172580491F266023003F822C /* TraktList.swift */ = {isa = PBXFileReference; fileEncoding = 4; lastKnownFileType = sourcecode.swift; path = TraktList.swift; sourceTree = "<group>"; };
		1725804A1F266023003F822C /* TraktListItem.swift */ = {isa = PBXFileReference; fileEncoding = 4; lastKnownFileType = sourcecode.swift; path = TraktListItem.swift; sourceTree = "<group>"; };
		1725804B1F266023003F822C /* TraktManager.swift */ = {isa = PBXFileReference; fileEncoding = 4; lastKnownFileType = sourcecode.swift; path = TraktManager.swift; sourceTree = "<group>"; };
		1725804C1F266023003F822C /* TraktMostShow.swift */ = {isa = PBXFileReference; fileEncoding = 4; lastKnownFileType = sourcecode.swift; path = TraktMostShow.swift; sourceTree = "<group>"; };
		1725804D1F266023003F822C /* TraktMovie.swift */ = {isa = PBXFileReference; fileEncoding = 4; lastKnownFileType = sourcecode.swift; path = TraktMovie.swift; sourceTree = "<group>"; };
		1725804E1F266023003F822C /* TraktMovieTranslation.swift */ = {isa = PBXFileReference; fileEncoding = 4; lastKnownFileType = sourcecode.swift; path = TraktMovieTranslation.swift; sourceTree = "<group>"; };
		1725804F1F266023003F822C /* TraktPerson.swift */ = {isa = PBXFileReference; fileEncoding = 4; lastKnownFileType = sourcecode.swift; path = TraktPerson.swift; sourceTree = "<group>"; };
		172580501F266023003F822C /* TraktRating.swift */ = {isa = PBXFileReference; fileEncoding = 4; lastKnownFileType = sourcecode.swift; path = TraktRating.swift; sourceTree = "<group>"; };
		172580511F266023003F822C /* TraktSearchResult.swift */ = {isa = PBXFileReference; fileEncoding = 4; lastKnownFileType = sourcecode.swift; path = TraktSearchResult.swift; sourceTree = "<group>"; };
		172580521F266023003F822C /* TraktSeason.swift */ = {isa = PBXFileReference; fileEncoding = 4; lastKnownFileType = sourcecode.swift; path = TraktSeason.swift; sourceTree = "<group>"; };
		172580531F266023003F822C /* TraktShow.swift */ = {isa = PBXFileReference; fileEncoding = 4; lastKnownFileType = sourcecode.swift; path = TraktShow.swift; sourceTree = "<group>"; };
		172580541F266023003F822C /* TraktShowTranslation.swift */ = {isa = PBXFileReference; fileEncoding = 4; lastKnownFileType = sourcecode.swift; path = TraktShowTranslation.swift; sourceTree = "<group>"; };
		172580551F266023003F822C /* TraktTrendingMovie.swift */ = {isa = PBXFileReference; fileEncoding = 4; lastKnownFileType = sourcecode.swift; path = TraktTrendingMovie.swift; sourceTree = "<group>"; };
		172580561F266023003F822C /* TraktTrendingShow.swift */ = {isa = PBXFileReference; fileEncoding = 4; lastKnownFileType = sourcecode.swift; path = TraktTrendingShow.swift; sourceTree = "<group>"; };
		172580571F266023003F822C /* TraktUser.swift */ = {isa = PBXFileReference; fileEncoding = 4; lastKnownFileType = sourcecode.swift; path = TraktUser.swift; sourceTree = "<group>"; };
		172580581F266023003F822C /* TraktWatchedEpisodes.swift */ = {isa = PBXFileReference; fileEncoding = 4; lastKnownFileType = sourcecode.swift; path = TraktWatchedEpisodes.swift; sourceTree = "<group>"; };
		172580591F266023003F822C /* TraktWatchedMovie.swift */ = {isa = PBXFileReference; fileEncoding = 4; lastKnownFileType = sourcecode.swift; path = TraktWatchedMovie.swift; sourceTree = "<group>"; };
		1725805A1F266023003F822C /* TraktWatchedProgress.swift */ = {isa = PBXFileReference; fileEncoding = 4; lastKnownFileType = sourcecode.swift; path = TraktWatchedProgress.swift; sourceTree = "<group>"; };
		1725805B1F266023003F822C /* TraktWatchedSeason.swift */ = {isa = PBXFileReference; fileEncoding = 4; lastKnownFileType = sourcecode.swift; path = TraktWatchedSeason.swift; sourceTree = "<group>"; };
		1725805C1F266023003F822C /* TraktWatchedShow.swift */ = {isa = PBXFileReference; fileEncoding = 4; lastKnownFileType = sourcecode.swift; path = TraktWatchedShow.swift; sourceTree = "<group>"; };
		1725805D1F266023003F822C /* TraktWatching.swift */ = {isa = PBXFileReference; fileEncoding = 4; lastKnownFileType = sourcecode.swift; path = TraktWatching.swift; sourceTree = "<group>"; };
		1725805E1F266023003F822C /* Users.swift */ = {isa = PBXFileReference; fileEncoding = 4; lastKnownFileType = sourcecode.swift; path = Users.swift; sourceTree = "<group>"; };
		172580A21F2667EF003F822C /* WatchListViewController.swift */ = {isa = PBXFileReference; fileEncoding = 4; lastKnownFileType = sourcecode.swift; path = WatchListViewController.swift; sourceTree = "<group>"; };
		172580A31F2667EF003F822C /* WatchListViewController.xib */ = {isa = PBXFileReference; fileEncoding = 4; lastKnownFileType = file.xib; path = WatchListViewController.xib; sourceTree = "<group>"; };
		172580A61F266801003F822C /* WatchListTableViewCell.swift */ = {isa = PBXFileReference; fileEncoding = 4; lastKnownFileType = sourcecode.swift; path = WatchListTableViewCell.swift; sourceTree = "<group>"; };
		172580A71F266801003F822C /* WatchListTableViewCell.xib */ = {isa = PBXFileReference; fileEncoding = 4; lastKnownFileType = file.xib; path = WatchListTableViewCell.xib; sourceTree = "<group>"; };
		172580AA1F266813003F822C /* DetailsViewController.swift */ = {isa = PBXFileReference; fileEncoding = 4; lastKnownFileType = sourcecode.swift; path = DetailsViewController.swift; sourceTree = "<group>"; };
		172580AB1F266813003F822C /* DetailsViewController.xib */ = {isa = PBXFileReference; fileEncoding = 4; lastKnownFileType = file.xib; path = DetailsViewController.xib; sourceTree = "<group>"; };
		172580AF1F266832003F822C /* ProfileViewController.swift */ = {isa = PBXFileReference; fileEncoding = 4; lastKnownFileType = sourcecode.swift; path = ProfileViewController.swift; sourceTree = "<group>"; };
		172580B01F266832003F822C /* ProfileViewController.xib */ = {isa = PBXFileReference; fileEncoding = 4; lastKnownFileType = file.xib; path = ProfileViewController.xib; sourceTree = "<group>"; };
		172580B41F266858003F822C /* SearchViewController.swift */ = {isa = PBXFileReference; fileEncoding = 4; lastKnownFileType = sourcecode.swift; path = SearchViewController.swift; sourceTree = "<group>"; };
		172580B51F266858003F822C /* SearchViewController.xib */ = {isa = PBXFileReference; fileEncoding = 4; lastKnownFileType = file.xib; path = SearchViewController.xib; sourceTree = "<group>"; };
		172580B81F266A0F003F822C /* Serie.swift */ = {isa = PBXFileReference; fileEncoding = 4; lastKnownFileType = sourcecode.swift; path = Serie.swift; sourceTree = "<group>"; };
		37FD20096B0B9089B43F9ACF /* Pods-Binge TrackerTests.debug.xcconfig */ = {isa = PBXFileReference; includeInIndex = 1; lastKnownFileType = text.xcconfig; name = "Pods-Binge TrackerTests.debug.xcconfig"; path = "Pods/Target Support Files/Pods-Binge TrackerTests/Pods-Binge TrackerTests.debug.xcconfig"; sourceTree = "<group>"; };
		54172AF16A19DE56DEB97816 /* Pods_Binge_Tracker.framework */ = {isa = PBXFileReference; explicitFileType = wrapper.framework; includeInIndex = 0; path = Pods_Binge_Tracker.framework; sourceTree = BUILT_PRODUCTS_DIR; };
		583B8A6B09A638D965F833B6 /* Pods-Binge Tracker.debug.xcconfig */ = {isa = PBXFileReference; includeInIndex = 1; lastKnownFileType = text.xcconfig; name = "Pods-Binge Tracker.debug.xcconfig"; path = "Pods/Target Support Files/Pods-Binge Tracker/Pods-Binge Tracker.debug.xcconfig"; sourceTree = "<group>"; };
		58B18A868690A73D8E833E89 /* Pods-Binge TrackerUITests.release.xcconfig */ = {isa = PBXFileReference; includeInIndex = 1; lastKnownFileType = text.xcconfig; name = "Pods-Binge TrackerUITests.release.xcconfig"; path = "Pods/Target Support Files/Pods-Binge TrackerUITests/Pods-Binge TrackerUITests.release.xcconfig"; sourceTree = "<group>"; };
		7D243AF06E9D3FF0406C433A /* Pods-Binge TrackerTests.release.xcconfig */ = {isa = PBXFileReference; includeInIndex = 1; lastKnownFileType = text.xcconfig; name = "Pods-Binge TrackerTests.release.xcconfig"; path = "Pods/Target Support Files/Pods-Binge TrackerTests/Pods-Binge TrackerTests.release.xcconfig"; sourceTree = "<group>"; };
		81899386A01AB04549D17DC7 /* Pods_Binge_TrackerUITests.framework */ = {isa = PBXFileReference; explicitFileType = wrapper.framework; includeInIndex = 0; path = Pods_Binge_TrackerUITests.framework; sourceTree = BUILT_PRODUCTS_DIR; };
		E5874491E7C74923A034474C /* Pods-Binge TrackerUITests.debug.xcconfig */ = {isa = PBXFileReference; includeInIndex = 1; lastKnownFileType = text.xcconfig; name = "Pods-Binge TrackerUITests.debug.xcconfig"; path = "Pods/Target Support Files/Pods-Binge TrackerUITests/Pods-Binge TrackerUITests.debug.xcconfig"; sourceTree = "<group>"; };
		FEE2244825D2925474F2F77A /* Pods-Binge Tracker.release.xcconfig */ = {isa = PBXFileReference; includeInIndex = 1; lastKnownFileType = text.xcconfig; name = "Pods-Binge Tracker.release.xcconfig"; path = "Pods/Target Support Files/Pods-Binge Tracker/Pods-Binge Tracker.release.xcconfig"; sourceTree = "<group>"; };
/* End PBXFileReference section */

/* Begin PBXFrameworksBuildPhase section */
		170878471F26540300FE42AF /* Frameworks */ = {
			isa = PBXFrameworksBuildPhase;
			buildActionMask = 2147483647;
			files = (
				C4CCA8B72E1C63D1E36218E5 /* Pods_Binge_Tracker.framework in Frameworks */,
			);
			runOnlyForDeploymentPostprocessing = 0;
		};
		1708785B1F26540300FE42AF /* Frameworks */ = {
			isa = PBXFrameworksBuildPhase;
			buildActionMask = 2147483647;
			files = (
				F122300A0E4DAA03163DD4CC /* Pods_Binge_TrackerTests.framework in Frameworks */,
			);
			runOnlyForDeploymentPostprocessing = 0;
		};
		170878661F26540300FE42AF /* Frameworks */ = {
			isa = PBXFrameworksBuildPhase;
			buildActionMask = 2147483647;
			files = (
				7A9F2AFBF2DBD7DAB2BDD127 /* Pods_Binge_TrackerUITests.framework in Frameworks */,
			);
			runOnlyForDeploymentPostprocessing = 0;
		};
/* End PBXFrameworksBuildPhase section */

/* Begin PBXGroup section */
		170878411F26540300FE42AF = {
			isa = PBXGroup;
			children = (
				1708784C1F26540300FE42AF /* Binge Tracker */,
				170878611F26540300FE42AF /* Binge TrackerTests */,
				1708786C1F26540300FE42AF /* Binge TrackerUITests */,
				1708784B1F26540300FE42AF /* Products */,
				23A1915F7ECCEBD749B37A48 /* Pods */,
				D7B4FBF02B8B2FF2BBF1F27D /* Frameworks */,
			);
			sourceTree = "<group>";
		};
		1708784B1F26540300FE42AF /* Products */ = {
			isa = PBXGroup;
			children = (
				1708784A1F26540300FE42AF /* Binge Tracker.app */,
				1708785E1F26540300FE42AF /* Binge TrackerTests.xctest */,
				170878691F26540300FE42AF /* Binge TrackerUITests.xctest */,
			);
			name = Products;
			sourceTree = "<group>";
		};
		1708784C1F26540300FE42AF /* Binge Tracker */ = {
			isa = PBXGroup;
			children = (
				172580241F265F92003F822C /* TabBars */,
				170878921F265A2A00FE42AF /* Models */,
				1708788F1F2659E200FE42AF /* Repository */,
				1708787B1F26545F00FE42AF /* Resources */,
				1708787C1F26570200FE42AF /* Utils */,
				170878841F2657EB00FE42AF /* ViewControllers */,
			);
			path = "Binge Tracker";
			sourceTree = "<group>";
		};
		170878611F26540300FE42AF /* Binge TrackerTests */ = {
			isa = PBXGroup;
			children = (
				170878621F26540300FE42AF /* Binge_TrackerTests.swift */,
				170878641F26540300FE42AF /* Info.plist */,
			);
			path = "Binge TrackerTests";
			sourceTree = "<group>";
		};
		1708786C1F26540300FE42AF /* Binge TrackerUITests */ = {
			isa = PBXGroup;
			children = (
				1708786D1F26540300FE42AF /* Binge_TrackerUITests.swift */,
				1708786F1F26540300FE42AF /* Info.plist */,
			);
			path = "Binge TrackerUITests";
			sourceTree = "<group>";
		};
		1708787B1F26545F00FE42AF /* Resources */ = {
			isa = PBXGroup;
			children = (
				172580251F266007003F822C /* TraktKit */,
				1708784D1F26540300FE42AF /* AppDelegate.swift */,
				170878541F26540300FE42AF /* Assets.xcassets */,
				170878561F26540300FE42AF /* LaunchScreen.storyboard */,
				170878591F26540300FE42AF /* Info.plist */,
			);
			name = Resources;
			sourceTree = "<group>";
		};
		1708787C1F26570200FE42AF /* Utils */ = {
			isa = PBXGroup;
			children = (
				1708787D1F26570900FE42AF /* UIExtensions */,
				170878821F26576300FE42AF /* Util.swift */,
			);
			name = Utils;
			sourceTree = "<group>";
		};
		1708787D1F26570900FE42AF /* UIExtensions */ = {
			isa = PBXGroup;
			children = (
				1708787E1F26572300FE42AF /* BRButton.swift */,
				170878801F26574500FE42AF /* BRKeyboard.swift */,
			);
			name = UIExtensions;
			sourceTree = "<group>";
		};
		170878841F2657EB00FE42AF /* ViewControllers */ = {
			isa = PBXGroup;
			children = (
				172580171F265B5C003F822C /* Signup */,
				1708788A1F2658CE00FE42AF /* Login */,
				170878851F2657F800FE42AF /* Initial */,
			);
			name = ViewControllers;
			sourceTree = "<group>";
		};
		170878851F2657F800FE42AF /* Initial */ = {
			isa = PBXGroup;
			children = (
				170878861F26581800FE42AF /* InitialViewController.swift */,
				170878871F26581800FE42AF /* InitialViewController.xib */,
			);
			name = Initial;
			sourceTree = "<group>";
		};
		1708788A1F2658CE00FE42AF /* Login */ = {
			isa = PBXGroup;
			children = (
				1708788B1F2658EF00FE42AF /* LoginViewController.swift */,
				1708788C1F2658EF00FE42AF /* LoginViewController.xib */,
			);
			name = Login;
			sourceTree = "<group>";
		};
		1708788F1F2659E200FE42AF /* Repository */ = {
			isa = PBXGroup;
			children = (
				170878901F265A0A00FE42AF /* RealmUser.swift */,
				172580221F265D0F003F822C /* RealmManager.swift */,
			);
			name = Repository;
			sourceTree = "<group>";
		};
		170878921F265A2A00FE42AF /* Models */ = {
			isa = PBXGroup;
			children = (
				170878951F265A5D00FE42AF /* Usuario.swift */,
				172580B81F266A0F003F822C /* Serie.swift */,
			);
			name = Models;
			sourceTree = "<group>";
		};
		172580171F265B5C003F822C /* Signup */ = {
			isa = PBXGroup;
			children = (
				1725801E1F265C50003F822C /* SignupViewController.swift */,
				1725801F1F265C50003F822C /* SignupViewController.xib */,
			);
			name = Signup;
			sourceTree = "<group>";
		};
		172580241F265F92003F822C /* TabBars */ = {
			isa = PBXGroup;
			children = (
				172580B31F266848003F822C /* Search */,
				172580AE1F26681D003F822C /* Profile */,
				172580A11F2667D3003F822C /* WatchList */,
			);
			name = TabBars;
			sourceTree = "<group>";
		};
		172580251F266007003F822C /* TraktKit */ = {
			isa = PBXGroup;
			children = (
				172580261F266023003F822C /* Common */,
			);
			name = TraktKit;
			sourceTree = "<group>";
		};
		172580261F266023003F822C /* Common */ = {
			isa = PBXGroup;
			children = (
				172580981F26609E003F822C /* Models */,
				172580971F266035003F822C /* Wrapper */,
				1725802B1F266023003F822C /* DateParser.swift */,
				1725802E1F266023003F822C /* Extensions.swift */,
				172580321F266023003F822C /* MLKeychain.swift */,
			);
			path = Common;
			sourceTree = "<group>";
		};
		172580971F266035003F822C /* Wrapper */ = {
			isa = PBXGroup;
			children = (
				172580271F266023003F822C /* Calendars.swift */,
				172580281F266023003F822C /* Checkin.swift */,
				172580291F266023003F822C /* Comments.swift */,
				1725802A1F266023003F822C /* CompletionHandlers.swift */,
				1725802C1F266023003F822C /* Enums.swift */,
				1725802D1F266023003F822C /* Episodes.swift */,
				172580301F266023003F822C /* Genres.swift */,
				172580331F266023003F822C /* Movies.swift */,
				172580351F266023003F822C /* People.swift */,
				172580361F266023003F822C /* Recommendations.swift */,
				172580371F266023003F822C /* Scrobble.swift */,
				172580381F266023003F822C /* Search.swift */,
				172580391F266023003F822C /* Seasons.swift */,
				1725803A1F266023003F822C /* SharedFunctions.swift */,
				1725803B1F266023003F822C /* Shows.swift */,
				1725803D1F266023003F822C /* Sync.swift */,
				1725804B1F266023003F822C /* TraktManager.swift */,
				1725805E1F266023003F822C /* Users.swift */,
			);
			name = Wrapper;
			sourceTree = "<group>";
		};
		172580981F26609E003F822C /* Models */ = {
			isa = PBXGroup;
			children = (
				172580A01F266250003F822C /* Sync */,
				1725809F1F26623E003F822C /* List */,
				1725809E1F26622A003F822C /* People */,
				1725809D1F266206003F822C /* Users */,
				1725809C1F2661F1003F822C /* Comments */,
				1725809B1F266183003F822C /* Movies */,
				1725809A1F26612A003F822C /* Shows */,
				172580991F266101003F822C /* Checkin */,
				1725802F1F266023003F822C /* Filters.swift */,
				172580341F266023003F822C /* Pagination.swift */,
				1725803C1F266023003F822C /* Structures.swift */,
				172580511F266023003F822C /* TraktSearchResult.swift */,
			);
			name = Models;
			sourceTree = "<group>";
		};
		172580991F266101003F822C /* Checkin */ = {
			isa = PBXGroup;
			children = (
				172580421F266023003F822C /* TraktCheckin.swift */,
			);
			name = Checkin;
			sourceTree = "<group>";
		};
		1725809A1F26612A003F822C /* Shows */ = {
			isa = PBXGroup;
			children = (
				172580471F266023003F822C /* TraktEpisode.swift */,
				172580581F266023003F822C /* TraktWatchedEpisodes.swift */,
				1725803F1F266023003F822C /* TraktAnticipatedShow.swift */,
				1725804C1F266023003F822C /* TraktMostShow.swift */,
				172580521F266023003F822C /* TraktSeason.swift */,
				172580531F266023003F822C /* TraktShow.swift */,
				172580541F266023003F822C /* TraktShowTranslation.swift */,
				172580561F266023003F822C /* TraktTrendingShow.swift */,
				1725805A1F266023003F822C /* TraktWatchedProgress.swift */,
				1725805B1F266023003F822C /* TraktWatchedSeason.swift */,
				1725805C1F266023003F822C /* TraktWatchedShow.swift */,
			);
			name = Shows;
			sourceTree = "<group>";
		};
		1725809B1F266183003F822C /* Movies */ = {
			isa = PBXGroup;
			children = (
				172580591F266023003F822C /* TraktWatchedMovie.swift */,
				1725803E1F266023003F822C /* TraktAnticipatedMovie.swift */,
				172580401F266023003F822C /* TraktBoxOfficeMovie.swift */,
				172580461F266023003F822C /* TraktDVDReleaseMovie.swift */,
				1725804D1F266023003F822C /* TraktMovie.swift */,
				1725804E1F266023003F822C /* TraktMovieTranslation.swift */,
				172580551F266023003F822C /* TraktTrendingMovie.swift */,
			);
			name = Movies;
			sourceTree = "<group>";
		};
		1725809C1F2661F1003F822C /* Comments */ = {
			isa = PBXGroup;
			children = (
				172580441F266023003F822C /* TraktComment.swift */,
			);
			name = Comments;
			sourceTree = "<group>";
		};
		1725809D1F266206003F822C /* Users */ = {
			isa = PBXGroup;
			children = (
				172580311F266023003F822C /* HiddenItem.swift */,
				172580571F266023003F822C /* TraktUser.swift */,
				1725805D1F266023003F822C /* TraktWatching.swift */,
			);
			name = Users;
			sourceTree = "<group>";
		};
		1725809E1F26622A003F822C /* People */ = {
			isa = PBXGroup;
			children = (
				172580411F266023003F822C /* TraktCastMember.swift */,
				172580451F266023003F822C /* TraktCrewMember.swift */,
				1725804F1F266023003F822C /* TraktPerson.swift */,
			);
			name = People;
			sourceTree = "<group>";
		};
		1725809F1F26623E003F822C /* List */ = {
			isa = PBXGroup;
			children = (
				172580491F266023003F822C /* TraktList.swift */,
				1725804A1F266023003F822C /* TraktListItem.swift */,
			);
			name = List;
			sourceTree = "<group>";
		};
		172580A01F266250003F822C /* Sync */ = {
			isa = PBXGroup;
			children = (
				172580431F266023003F822C /* TraktCollectedItem.swift */,
				172580481F266023003F822C /* TraktHistoryItem.swift */,
				172580501F266023003F822C /* TraktRating.swift */,
			);
			name = Sync;
			sourceTree = "<group>";
		};
		172580A11F2667D3003F822C /* WatchList */ = {
			isa = PBXGroup;
			children = (
				172580A21F2667EF003F822C /* WatchListViewController.swift */,
				172580A31F2667EF003F822C /* WatchListViewController.xib */,
				172580A61F266801003F822C /* WatchListTableViewCell.swift */,
				172580A71F266801003F822C /* WatchListTableViewCell.xib */,
				172580AA1F266813003F822C /* DetailsViewController.swift */,
				172580AB1F266813003F822C /* DetailsViewController.xib */,
			);
			name = WatchList;
			sourceTree = "<group>";
		};
		172580AE1F26681D003F822C /* Profile */ = {
			isa = PBXGroup;
			children = (
				172580AF1F266832003F822C /* ProfileViewController.swift */,
				172580B01F266832003F822C /* ProfileViewController.xib */,
			);
			name = Profile;
			sourceTree = "<group>";
		};
		172580B31F266848003F822C /* Search */ = {
			isa = PBXGroup;
			children = (
				172580B41F266858003F822C /* SearchViewController.swift */,
				172580B51F266858003F822C /* SearchViewController.xib */,
			);
			name = Search;
			sourceTree = "<group>";
		};
		23A1915F7ECCEBD749B37A48 /* Pods */ = {
			isa = PBXGroup;
			children = (
				583B8A6B09A638D965F833B6 /* Pods-Binge Tracker.debug.xcconfig */,
				FEE2244825D2925474F2F77A /* Pods-Binge Tracker.release.xcconfig */,
				37FD20096B0B9089B43F9ACF /* Pods-Binge TrackerTests.debug.xcconfig */,
				7D243AF06E9D3FF0406C433A /* Pods-Binge TrackerTests.release.xcconfig */,
				E5874491E7C74923A034474C /* Pods-Binge TrackerUITests.debug.xcconfig */,
				58B18A868690A73D8E833E89 /* Pods-Binge TrackerUITests.release.xcconfig */,
			);
			name = Pods;
			sourceTree = "<group>";
		};
		D7B4FBF02B8B2FF2BBF1F27D /* Frameworks */ = {
			isa = PBXGroup;
			children = (
				54172AF16A19DE56DEB97816 /* Pods_Binge_Tracker.framework */,
				08207215194B8D7B3B8BCD74 /* Pods_Binge_TrackerTests.framework */,
				81899386A01AB04549D17DC7 /* Pods_Binge_TrackerUITests.framework */,
			);
			name = Frameworks;
			sourceTree = "<group>";
		};
/* End PBXGroup section */

/* Begin PBXNativeTarget section */
		170878491F26540300FE42AF /* Binge Tracker */ = {
			isa = PBXNativeTarget;
			buildConfigurationList = 170878721F26540300FE42AF /* Build configuration list for PBXNativeTarget "Binge Tracker" */;
			buildPhases = (
				FCBF714A636856CB79F9971F /* [CP] Check Pods Manifest.lock */,
				170878461F26540300FE42AF /* Sources */,
				170878471F26540300FE42AF /* Frameworks */,
				170878481F26540300FE42AF /* Resources */,
				3F8E99E6CD75CABB665FB05C /* [CP] Embed Pods Frameworks */,
				1156A9AEBA6FF46BE2CAA2AF /* [CP] Copy Pods Resources */,
			);
			buildRules = (
			);
			dependencies = (
			);
			name = "Binge Tracker";
			productName = "Binge Tracker";
			productReference = 1708784A1F26540300FE42AF /* Binge Tracker.app */;
			productType = "com.apple.product-type.application";
		};
		1708785D1F26540300FE42AF /* Binge TrackerTests */ = {
			isa = PBXNativeTarget;
			buildConfigurationList = 170878751F26540300FE42AF /* Build configuration list for PBXNativeTarget "Binge TrackerTests" */;
			buildPhases = (
				2F972FA1E09DA1673A8220CD /* [CP] Check Pods Manifest.lock */,
				1708785A1F26540300FE42AF /* Sources */,
				1708785B1F26540300FE42AF /* Frameworks */,
				1708785C1F26540300FE42AF /* Resources */,
				1A82F9C194B63715584C9BFB /* [CP] Embed Pods Frameworks */,
				51A439E7999FC21DECCEE4F3 /* [CP] Copy Pods Resources */,
			);
			buildRules = (
			);
			dependencies = (
				170878601F26540300FE42AF /* PBXTargetDependency */,
			);
			name = "Binge TrackerTests";
			productName = "Binge TrackerTests";
			productReference = 1708785E1F26540300FE42AF /* Binge TrackerTests.xctest */;
			productType = "com.apple.product-type.bundle.unit-test";
		};
		170878681F26540300FE42AF /* Binge TrackerUITests */ = {
			isa = PBXNativeTarget;
			buildConfigurationList = 170878781F26540300FE42AF /* Build configuration list for PBXNativeTarget "Binge TrackerUITests" */;
			buildPhases = (
				1467BCBE85F8B3507AFD3D1C /* [CP] Check Pods Manifest.lock */,
				170878651F26540300FE42AF /* Sources */,
				170878661F26540300FE42AF /* Frameworks */,
				170878671F26540300FE42AF /* Resources */,
				E7C97A86B90BD518BBC678A6 /* [CP] Embed Pods Frameworks */,
				6A169CD7E082449D60D803E0 /* [CP] Copy Pods Resources */,
			);
			buildRules = (
			);
			dependencies = (
				1708786B1F26540300FE42AF /* PBXTargetDependency */,
			);
			name = "Binge TrackerUITests";
			productName = "Binge TrackerUITests";
			productReference = 170878691F26540300FE42AF /* Binge TrackerUITests.xctest */;
			productType = "com.apple.product-type.bundle.ui-testing";
		};
/* End PBXNativeTarget section */

/* Begin PBXProject section */
		170878421F26540300FE42AF /* Project object */ = {
			isa = PBXProject;
			attributes = {
				LastSwiftUpdateCheck = 0830;
				LastUpgradeCheck = 0830;
				ORGANIZATIONNAME = "Joel Sene";
				TargetAttributes = {
					170878491F26540300FE42AF = {
						CreatedOnToolsVersion = 8.3.3;
						DevelopmentTeam = VRPSBVV63P;
						ProvisioningStyle = Automatic;
					};
					1708785D1F26540300FE42AF = {
						CreatedOnToolsVersion = 8.3.3;
						DevelopmentTeam = VRPSBVV63P;
						ProvisioningStyle = Automatic;
						TestTargetID = 170878491F26540300FE42AF;
					};
					170878681F26540300FE42AF = {
						CreatedOnToolsVersion = 8.3.3;
						DevelopmentTeam = VRPSBVV63P;
						ProvisioningStyle = Automatic;
						TestTargetID = 170878491F26540300FE42AF;
					};
				};
			};
			buildConfigurationList = 170878451F26540300FE42AF /* Build configuration list for PBXProject "Binge Tracker" */;
			compatibilityVersion = "Xcode 3.2";
			developmentRegion = English;
			hasScannedForEncodings = 0;
			knownRegions = (
				en,
				Base,
			);
			mainGroup = 170878411F26540300FE42AF;
			productRefGroup = 1708784B1F26540300FE42AF /* Products */;
			projectDirPath = "";
			projectRoot = "";
			targets = (
				170878491F26540300FE42AF /* Binge Tracker */,
				1708785D1F26540300FE42AF /* Binge TrackerTests */,
				170878681F26540300FE42AF /* Binge TrackerUITests */,
			);
		};
/* End PBXProject section */

/* Begin PBXResourcesBuildPhase section */
		170878481F26540300FE42AF /* Resources */ = {
			isa = PBXResourcesBuildPhase;
			buildActionMask = 2147483647;
			files = (
				172580B21F266832003F822C /* ProfileViewController.xib in Resources */,
				172580A91F266801003F822C /* WatchListTableViewCell.xib in Resources */,
				172580A51F2667EF003F822C /* WatchListViewController.xib in Resources */,
				1708788E1F2658EF00FE42AF /* LoginViewController.xib in Resources */,
				172580211F265C50003F822C /* SignupViewController.xib in Resources */,
				170878581F26540300FE42AF /* LaunchScreen.storyboard in Resources */,
				170878551F26540300FE42AF /* Assets.xcassets in Resources */,
				170878891F26581800FE42AF /* InitialViewController.xib in Resources */,
				172580B71F266858003F822C /* SearchViewController.xib in Resources */,
				172580AD1F266813003F822C /* DetailsViewController.xib in Resources */,
			);
			runOnlyForDeploymentPostprocessing = 0;
		};
		1708785C1F26540300FE42AF /* Resources */ = {
			isa = PBXResourcesBuildPhase;
			buildActionMask = 2147483647;
			files = (
			);
			runOnlyForDeploymentPostprocessing = 0;
		};
		170878671F26540300FE42AF /* Resources */ = {
			isa = PBXResourcesBuildPhase;
			buildActionMask = 2147483647;
			files = (
			);
			runOnlyForDeploymentPostprocessing = 0;
		};
/* End PBXResourcesBuildPhase section */

/* Begin PBXShellScriptBuildPhase section */
		1156A9AEBA6FF46BE2CAA2AF /* [CP] Copy Pods Resources */ = {
			isa = PBXShellScriptBuildPhase;
			buildActionMask = 2147483647;
			files = (
			);
			inputPaths = (
			);
			name = "[CP] Copy Pods Resources";
			outputPaths = (
			);
			runOnlyForDeploymentPostprocessing = 0;
			shellPath = /bin/sh;
			shellScript = "\"${SRCROOT}/Pods/Target Support Files/Pods-Binge Tracker/Pods-Binge Tracker-resources.sh\"\n";
			showEnvVarsInLog = 0;
		};
		1467BCBE85F8B3507AFD3D1C /* [CP] Check Pods Manifest.lock */ = {
			isa = PBXShellScriptBuildPhase;
			buildActionMask = 2147483647;
			files = (
			);
			inputPaths = (
			);
			name = "[CP] Check Pods Manifest.lock";
			outputPaths = (
			);
			runOnlyForDeploymentPostprocessing = 0;
			shellPath = /bin/sh;
			shellScript = "diff \"${PODS_PODFILE_DIR_PATH}/Podfile.lock\" \"${PODS_ROOT}/Manifest.lock\" > /dev/null\nif [ $? != 0 ] ; then\n    # print error to STDERR\n    echo \"error: The sandbox is not in sync with the Podfile.lock. Run 'pod install' or update your CocoaPods installation.\" >&2\n    exit 1\nfi\n";
			showEnvVarsInLog = 0;
		};
		1A82F9C194B63715584C9BFB /* [CP] Embed Pods Frameworks */ = {
			isa = PBXShellScriptBuildPhase;
			buildActionMask = 2147483647;
			files = (
			);
			inputPaths = (
			);
			name = "[CP] Embed Pods Frameworks";
			outputPaths = (
			);
			runOnlyForDeploymentPostprocessing = 0;
			shellPath = /bin/sh;
			shellScript = "\"${SRCROOT}/Pods/Target Support Files/Pods-Binge TrackerTests/Pods-Binge TrackerTests-frameworks.sh\"\n";
			showEnvVarsInLog = 0;
		};
		2F972FA1E09DA1673A8220CD /* [CP] Check Pods Manifest.lock */ = {
			isa = PBXShellScriptBuildPhase;
			buildActionMask = 2147483647;
			files = (
			);
			inputPaths = (
			);
			name = "[CP] Check Pods Manifest.lock";
			outputPaths = (
			);
			runOnlyForDeploymentPostprocessing = 0;
			shellPath = /bin/sh;
			shellScript = "diff \"${PODS_PODFILE_DIR_PATH}/Podfile.lock\" \"${PODS_ROOT}/Manifest.lock\" > /dev/null\nif [ $? != 0 ] ; then\n    # print error to STDERR\n    echo \"error: The sandbox is not in sync with the Podfile.lock. Run 'pod install' or update your CocoaPods installation.\" >&2\n    exit 1\nfi\n";
			showEnvVarsInLog = 0;
		};
		3F8E99E6CD75CABB665FB05C /* [CP] Embed Pods Frameworks */ = {
			isa = PBXShellScriptBuildPhase;
			buildActionMask = 2147483647;
			files = (
			);
			inputPaths = (
			);
			name = "[CP] Embed Pods Frameworks";
			outputPaths = (
			);
			runOnlyForDeploymentPostprocessing = 0;
			shellPath = /bin/sh;
			shellScript = "\"${SRCROOT}/Pods/Target Support Files/Pods-Binge Tracker/Pods-Binge Tracker-frameworks.sh\"\n";
			showEnvVarsInLog = 0;
		};
		51A439E7999FC21DECCEE4F3 /* [CP] Copy Pods Resources */ = {
			isa = PBXShellScriptBuildPhase;
			buildActionMask = 2147483647;
			files = (
			);
			inputPaths = (
			);
			name = "[CP] Copy Pods Resources";
			outputPaths = (
			);
			runOnlyForDeploymentPostprocessing = 0;
			shellPath = /bin/sh;
			shellScript = "\"${SRCROOT}/Pods/Target Support Files/Pods-Binge TrackerTests/Pods-Binge TrackerTests-resources.sh\"\n";
			showEnvVarsInLog = 0;
		};
		6A169CD7E082449D60D803E0 /* [CP] Copy Pods Resources */ = {
			isa = PBXShellScriptBuildPhase;
			buildActionMask = 2147483647;
			files = (
			);
			inputPaths = (
			);
			name = "[CP] Copy Pods Resources";
			outputPaths = (
			);
			runOnlyForDeploymentPostprocessing = 0;
			shellPath = /bin/sh;
			shellScript = "\"${SRCROOT}/Pods/Target Support Files/Pods-Binge TrackerUITests/Pods-Binge TrackerUITests-resources.sh\"\n";
			showEnvVarsInLog = 0;
		};
		E7C97A86B90BD518BBC678A6 /* [CP] Embed Pods Frameworks */ = {
			isa = PBXShellScriptBuildPhase;
			buildActionMask = 2147483647;
			files = (
			);
			inputPaths = (
			);
			name = "[CP] Embed Pods Frameworks";
			outputPaths = (
			);
			runOnlyForDeploymentPostprocessing = 0;
			shellPath = /bin/sh;
			shellScript = "\"${SRCROOT}/Pods/Target Support Files/Pods-Binge TrackerUITests/Pods-Binge TrackerUITests-frameworks.sh\"\n";
			showEnvVarsInLog = 0;
		};
		FCBF714A636856CB79F9971F /* [CP] Check Pods Manifest.lock */ = {
			isa = PBXShellScriptBuildPhase;
			buildActionMask = 2147483647;
			files = (
			);
			inputPaths = (
			);
			name = "[CP] Check Pods Manifest.lock";
			outputPaths = (
			);
			runOnlyForDeploymentPostprocessing = 0;
			shellPath = /bin/sh;
			shellScript = "diff \"${PODS_PODFILE_DIR_PATH}/Podfile.lock\" \"${PODS_ROOT}/Manifest.lock\" > /dev/null\nif [ $? != 0 ] ; then\n    # print error to STDERR\n    echo \"error: The sandbox is not in sync with the Podfile.lock. Run 'pod install' or update your CocoaPods installation.\" >&2\n    exit 1\nfi\n";
			showEnvVarsInLog = 0;
		};
/* End PBXShellScriptBuildPhase section */

/* Begin PBXSourcesBuildPhase section */
		170878461F26540300FE42AF /* Sources */ = {
			isa = PBXSourcesBuildPhase;
			buildActionMask = 2147483647;
			files = (
				172580851F266023003F822C /* TraktMovie.swift in Sources */,
				172580871F266023003F822C /* TraktPerson.swift in Sources */,
				172580761F266023003F822C /* TraktAnticipatedMovie.swift in Sources */,
				1725806E1F266023003F822C /* Recommendations.swift in Sources */,
				1725807F1F266023003F822C /* TraktEpisode.swift in Sources */,
				172580751F266023003F822C /* Sync.swift in Sources */,
				172580201F265C50003F822C /* SignupViewController.swift in Sources */,
				172580661F266023003F822C /* Extensions.swift in Sources */,
				1725808E1F266023003F822C /* TraktTrendingShow.swift in Sources */,
				172580951F266023003F822C /* TraktWatching.swift in Sources */,
				172580961F266023003F822C /* Users.swift in Sources */,
				172580731F266023003F822C /* Shows.swift in Sources */,
				172580811F266023003F822C /* TraktList.swift in Sources */,
				170878961F265A5D00FE42AF /* Usuario.swift in Sources */,
				172580B91F266A0F003F822C /* Serie.swift in Sources */,
				172580801F266023003F822C /* TraktHistoryItem.swift in Sources */,
				1708788D1F2658EF00FE42AF /* LoginViewController.swift in Sources */,
				1725806A1F266023003F822C /* MLKeychain.swift in Sources */,
				172580771F266023003F822C /* TraktAnticipatedShow.swift in Sources */,
				172580691F266023003F822C /* HiddenItem.swift in Sources */,
				172580781F266023003F822C /* TraktBoxOfficeMovie.swift in Sources */,
				172580651F266023003F822C /* Episodes.swift in Sources */,
				1725808F1F266023003F822C /* TraktUser.swift in Sources */,
				172580911F266023003F822C /* TraktWatchedMovie.swift in Sources */,
				172580861F266023003F822C /* TraktMovieTranslation.swift in Sources */,
				172580711F266023003F822C /* Seasons.swift in Sources */,
				1725808B1F266023003F822C /* TraktShow.swift in Sources */,
				172580941F266023003F822C /* TraktWatchedShow.swift in Sources */,
				1725807A1F266023003F822C /* TraktCheckin.swift in Sources */,
				172580931F266023003F822C /* TraktWatchedSeason.swift in Sources */,
				172580631F266023003F822C /* DateParser.swift in Sources */,
				172580831F266023003F822C /* TraktManager.swift in Sources */,
				1725808D1F266023003F822C /* TraktTrendingMovie.swift in Sources */,
				172580B11F266832003F822C /* ProfileViewController.swift in Sources */,
				172580A41F2667EF003F822C /* WatchListViewController.swift in Sources */,
				172580821F266023003F822C /* TraktListItem.swift in Sources */,
				170878881F26581800FE42AF /* InitialViewController.swift in Sources */,
				1725806F1F266023003F822C /* Scrobble.swift in Sources */,
				170878911F265A0A00FE42AF /* RealmUser.swift in Sources */,
				1725808A1F266023003F822C /* TraktSeason.swift in Sources */,
				172580841F266023003F822C /* TraktMostShow.swift in Sources */,
				1725806B1F266023003F822C /* Movies.swift in Sources */,
				172580741F266023003F822C /* Structures.swift in Sources */,
				172580901F266023003F822C /* TraktWatchedEpisodes.swift in Sources */,
				172580701F266023003F822C /* Search.swift in Sources */,
				1725807C1F266023003F822C /* TraktComment.swift in Sources */,
				172580611F266023003F822C /* Comments.swift in Sources */,
				172580921F266023003F822C /* TraktWatchedProgress.swift in Sources */,
				1725807E1F266023003F822C /* TraktDVDReleaseMovie.swift in Sources */,
				172580AC1F266813003F822C /* DetailsViewController.swift in Sources */,
				172580671F266023003F822C /* Filters.swift in Sources */,
				172580881F266023003F822C /* TraktRating.swift in Sources */,
				172580A81F266801003F822C /* WatchListTableViewCell.swift in Sources */,
				172580621F266023003F822C /* CompletionHandlers.swift in Sources */,
				172580681F266023003F822C /* Genres.swift in Sources */,
				172580601F266023003F822C /* Checkin.swift in Sources */,
				1725807B1F266023003F822C /* TraktCollectedItem.swift in Sources */,
				172580891F266023003F822C /* TraktSearchResult.swift in Sources */,
				1708784E1F26540300FE42AF /* AppDelegate.swift in Sources */,
				1708787F1F26572300FE42AF /* BRButton.swift in Sources */,
				172580231F265D0F003F822C /* RealmManager.swift in Sources */,
				172580791F266023003F822C /* TraktCastMember.swift in Sources */,
				172580B61F266858003F822C /* SearchViewController.swift in Sources */,
				1725806D1F266023003F822C /* People.swift in Sources */,
				1725805F1F266023003F822C /* Calendars.swift in Sources */,
				170878811F26574500FE42AF /* BRKeyboard.swift in Sources */,
				172580721F266023003F822C /* SharedFunctions.swift in Sources */,
				1725808C1F266023003F822C /* TraktShowTranslation.swift in Sources */,
				1725807D1F266023003F822C /* TraktCrewMember.swift in Sources */,
				1725806C1F266023003F822C /* Pagination.swift in Sources */,
				172580641F266023003F822C /* Enums.swift in Sources */,
				170878831F26576300FE42AF /* Util.swift in Sources */,
			);
			runOnlyForDeploymentPostprocessing = 0;
		};
		1708785A1F26540300FE42AF /* Sources */ = {
			isa = PBXSourcesBuildPhase;
			buildActionMask = 2147483647;
			files = (
				170878631F26540300FE42AF /* Binge_TrackerTests.swift in Sources */,
			);
			runOnlyForDeploymentPostprocessing = 0;
		};
		170878651F26540300FE42AF /* Sources */ = {
			isa = PBXSourcesBuildPhase;
			buildActionMask = 2147483647;
			files = (
				1708786E1F26540300FE42AF /* Binge_TrackerUITests.swift in Sources */,
			);
			runOnlyForDeploymentPostprocessing = 0;
		};
/* End PBXSourcesBuildPhase section */

/* Begin PBXTargetDependency section */
		170878601F26540300FE42AF /* PBXTargetDependency */ = {
			isa = PBXTargetDependency;
			target = 170878491F26540300FE42AF /* Binge Tracker */;
			targetProxy = 1708785F1F26540300FE42AF /* PBXContainerItemProxy */;
		};
		1708786B1F26540300FE42AF /* PBXTargetDependency */ = {
			isa = PBXTargetDependency;
			target = 170878491F26540300FE42AF /* Binge Tracker */;
			targetProxy = 1708786A1F26540300FE42AF /* PBXContainerItemProxy */;
		};
/* End PBXTargetDependency section */

/* Begin PBXVariantGroup section */
		170878561F26540300FE42AF /* LaunchScreen.storyboard */ = {
			isa = PBXVariantGroup;
			children = (
				170878571F26540300FE42AF /* Base */,
			);
			name = LaunchScreen.storyboard;
			sourceTree = "<group>";
		};
/* End PBXVariantGroup section */

/* Begin XCBuildConfiguration section */
		170878701F26540300FE42AF /* Debug */ = {
			isa = XCBuildConfiguration;
			buildSettings = {
				ALWAYS_SEARCH_USER_PATHS = NO;
				CLANG_ANALYZER_NONNULL = YES;
				CLANG_ANALYZER_NUMBER_OBJECT_CONVERSION = YES_AGGRESSIVE;
				CLANG_CXX_LANGUAGE_STANDARD = "gnu++0x";
				CLANG_CXX_LIBRARY = "libc++";
				CLANG_ENABLE_MODULES = YES;
				CLANG_ENABLE_OBJC_ARC = YES;
				CLANG_WARN_BOOL_CONVERSION = YES;
				CLANG_WARN_CONSTANT_CONVERSION = YES;
				CLANG_WARN_DIRECT_OBJC_ISA_USAGE = YES_ERROR;
				CLANG_WARN_DOCUMENTATION_COMMENTS = YES;
				CLANG_WARN_EMPTY_BODY = YES;
				CLANG_WARN_ENUM_CONVERSION = YES;
				CLANG_WARN_INFINITE_RECURSION = YES;
				CLANG_WARN_INT_CONVERSION = YES;
				CLANG_WARN_OBJC_ROOT_CLASS = YES_ERROR;
				CLANG_WARN_SUSPICIOUS_MOVE = YES;
				CLANG_WARN_UNREACHABLE_CODE = YES;
				CLANG_WARN__DUPLICATE_METHOD_MATCH = YES;
				"CODE_SIGN_IDENTITY[sdk=iphoneos*]" = "iPhone Developer";
				COPY_PHASE_STRIP = NO;
				DEBUG_INFORMATION_FORMAT = dwarf;
				ENABLE_STRICT_OBJC_MSGSEND = YES;
				ENABLE_TESTABILITY = YES;
				GCC_C_LANGUAGE_STANDARD = gnu99;
				GCC_DYNAMIC_NO_PIC = NO;
				GCC_NO_COMMON_BLOCKS = YES;
				GCC_OPTIMIZATION_LEVEL = 0;
				GCC_PREPROCESSOR_DEFINITIONS = (
					"DEBUG=1",
					"$(inherited)",
				);
				GCC_WARN_64_TO_32_BIT_CONVERSION = YES;
				GCC_WARN_ABOUT_RETURN_TYPE = YES_ERROR;
				GCC_WARN_UNDECLARED_SELECTOR = YES;
				GCC_WARN_UNINITIALIZED_AUTOS = YES_AGGRESSIVE;
				GCC_WARN_UNUSED_FUNCTION = YES;
				GCC_WARN_UNUSED_VARIABLE = YES;
				IPHONEOS_DEPLOYMENT_TARGET = 10.3;
				MTL_ENABLE_DEBUG_INFO = YES;
				ONLY_ACTIVE_ARCH = YES;
				SDKROOT = iphoneos;
				SWIFT_ACTIVE_COMPILATION_CONDITIONS = DEBUG;
				SWIFT_OPTIMIZATION_LEVEL = "-Onone";
				TARGETED_DEVICE_FAMILY = "1,2";
			};
			name = Debug;
		};
		170878711F26540300FE42AF /* Release */ = {
			isa = XCBuildConfiguration;
			buildSettings = {
				ALWAYS_SEARCH_USER_PATHS = NO;
				CLANG_ANALYZER_NONNULL = YES;
				CLANG_ANALYZER_NUMBER_OBJECT_CONVERSION = YES_AGGRESSIVE;
				CLANG_CXX_LANGUAGE_STANDARD = "gnu++0x";
				CLANG_CXX_LIBRARY = "libc++";
				CLANG_ENABLE_MODULES = YES;
				CLANG_ENABLE_OBJC_ARC = YES;
				CLANG_WARN_BOOL_CONVERSION = YES;
				CLANG_WARN_CONSTANT_CONVERSION = YES;
				CLANG_WARN_DIRECT_OBJC_ISA_USAGE = YES_ERROR;
				CLANG_WARN_DOCUMENTATION_COMMENTS = YES;
				CLANG_WARN_EMPTY_BODY = YES;
				CLANG_WARN_ENUM_CONVERSION = YES;
				CLANG_WARN_INFINITE_RECURSION = YES;
				CLANG_WARN_INT_CONVERSION = YES;
				CLANG_WARN_OBJC_ROOT_CLASS = YES_ERROR;
				CLANG_WARN_SUSPICIOUS_MOVE = YES;
				CLANG_WARN_UNREACHABLE_CODE = YES;
				CLANG_WARN__DUPLICATE_METHOD_MATCH = YES;
				"CODE_SIGN_IDENTITY[sdk=iphoneos*]" = "iPhone Developer";
				COPY_PHASE_STRIP = NO;
				DEBUG_INFORMATION_FORMAT = "dwarf-with-dsym";
				ENABLE_NS_ASSERTIONS = NO;
				ENABLE_STRICT_OBJC_MSGSEND = YES;
				GCC_C_LANGUAGE_STANDARD = gnu99;
				GCC_NO_COMMON_BLOCKS = YES;
				GCC_WARN_64_TO_32_BIT_CONVERSION = YES;
				GCC_WARN_ABOUT_RETURN_TYPE = YES_ERROR;
				GCC_WARN_UNDECLARED_SELECTOR = YES;
				GCC_WARN_UNINITIALIZED_AUTOS = YES_AGGRESSIVE;
				GCC_WARN_UNUSED_FUNCTION = YES;
				GCC_WARN_UNUSED_VARIABLE = YES;
				IPHONEOS_DEPLOYMENT_TARGET = 10.3;
				MTL_ENABLE_DEBUG_INFO = NO;
				SDKROOT = iphoneos;
				SWIFT_OPTIMIZATION_LEVEL = "-Owholemodule";
				TARGETED_DEVICE_FAMILY = "1,2";
				VALIDATE_PRODUCT = YES;
			};
			name = Release;
		};
		170878731F26540300FE42AF /* Debug */ = {
			isa = XCBuildConfiguration;
			baseConfigurationReference = 583B8A6B09A638D965F833B6 /* Pods-Binge Tracker.debug.xcconfig */;
			buildSettings = {
				ASSETCATALOG_COMPILER_APPICON_NAME = AppIcon;
				DEVELOPMENT_TEAM = VRPSBVV63P;
				INFOPLIST_FILE = "Binge Tracker/Info.plist";
				LD_RUNPATH_SEARCH_PATHS = "$(inherited) @executable_path/Frameworks";
				PRODUCT_BUNDLE_IDENTIFIER = "com.barbaruivastudios.Binge-Trackerr";
				PRODUCT_NAME = "$(TARGET_NAME)";
				SWIFT_VERSION = 3.0;
			};
			name = Debug;
		};
		170878741F26540300FE42AF /* Release */ = {
			isa = XCBuildConfiguration;
			baseConfigurationReference = FEE2244825D2925474F2F77A /* Pods-Binge Tracker.release.xcconfig */;
			buildSettings = {
				ASSETCATALOG_COMPILER_APPICON_NAME = AppIcon;
				DEVELOPMENT_TEAM = VRPSBVV63P;
				INFOPLIST_FILE = "Binge Tracker/Info.plist";
				LD_RUNPATH_SEARCH_PATHS = "$(inherited) @executable_path/Frameworks";
				PRODUCT_BUNDLE_IDENTIFIER = "com.barbaruivastudios.Binge-Trackerr";
				PRODUCT_NAME = "$(TARGET_NAME)";
				SWIFT_VERSION = 3.0;
			};
			name = Release;
		};
		170878761F26540300FE42AF /* Debug */ = {
			isa = XCBuildConfiguration;
			baseConfigurationReference = 37FD20096B0B9089B43F9ACF /* Pods-Binge TrackerTests.debug.xcconfig */;
			buildSettings = {
				ALWAYS_EMBED_SWIFT_STANDARD_LIBRARIES = YES;
				BUNDLE_LOADER = "$(TEST_HOST)";
				DEVELOPMENT_TEAM = VRPSBVV63P;
				INFOPLIST_FILE = "Binge TrackerTests/Info.plist";
				LD_RUNPATH_SEARCH_PATHS = "$(inherited) @executable_path/Frameworks @loader_path/Frameworks";
				PRODUCT_BUNDLE_IDENTIFIER = "com.barbaruivastudios.Binge-TrackerTests";
				PRODUCT_NAME = "$(TARGET_NAME)";
				SWIFT_VERSION = 3.0;
				TEST_HOST = "$(BUILT_PRODUCTS_DIR)/Binge Tracker.app/Binge Tracker";
			};
			name = Debug;
		};
		170878771F26540300FE42AF /* Release */ = {
			isa = XCBuildConfiguration;
			baseConfigurationReference = 7D243AF06E9D3FF0406C433A /* Pods-Binge TrackerTests.release.xcconfig */;
			buildSettings = {
				ALWAYS_EMBED_SWIFT_STANDARD_LIBRARIES = YES;
				BUNDLE_LOADER = "$(TEST_HOST)";
				DEVELOPMENT_TEAM = VRPSBVV63P;
				INFOPLIST_FILE = "Binge TrackerTests/Info.plist";
				LD_RUNPATH_SEARCH_PATHS = "$(inherited) @executable_path/Frameworks @loader_path/Frameworks";
				PRODUCT_BUNDLE_IDENTIFIER = "com.barbaruivastudios.Binge-TrackerTests";
				PRODUCT_NAME = "$(TARGET_NAME)";
				SWIFT_VERSION = 3.0;
				TEST_HOST = "$(BUILT_PRODUCTS_DIR)/Binge Tracker.app/Binge Tracker";
			};
			name = Release;
		};
		170878791F26540300FE42AF /* Debug */ = {
			isa = XCBuildConfiguration;
			baseConfigurationReference = E5874491E7C74923A034474C /* Pods-Binge TrackerUITests.debug.xcconfig */;
			buildSettings = {
				ALWAYS_EMBED_SWIFT_STANDARD_LIBRARIES = YES;
				DEVELOPMENT_TEAM = VRPSBVV63P;
				INFOPLIST_FILE = "Binge TrackerUITests/Info.plist";
				LD_RUNPATH_SEARCH_PATHS = "$(inherited) @executable_path/Frameworks @loader_path/Frameworks";
				PRODUCT_BUNDLE_IDENTIFIER = "com.barbaruivastudios.Binge-TrackerUITests";
				PRODUCT_NAME = "$(TARGET_NAME)";
				SWIFT_VERSION = 3.0;
				TEST_TARGET_NAME = "Binge Tracker";
			};
			name = Debug;
		};
		1708787A1F26540300FE42AF /* Release */ = {
			isa = XCBuildConfiguration;
			baseConfigurationReference = 58B18A868690A73D8E833E89 /* Pods-Binge TrackerUITests.release.xcconfig */;
			buildSettings = {
				ALWAYS_EMBED_SWIFT_STANDARD_LIBRARIES = YES;
				DEVELOPMENT_TEAM = VRPSBVV63P;
				INFOPLIST_FILE = "Binge TrackerUITests/Info.plist";
				LD_RUNPATH_SEARCH_PATHS = "$(inherited) @executable_path/Frameworks @loader_path/Frameworks";
				PRODUCT_BUNDLE_IDENTIFIER = "com.barbaruivastudios.Binge-TrackerUITests";
				PRODUCT_NAME = "$(TARGET_NAME)";
				SWIFT_VERSION = 3.0;
				TEST_TARGET_NAME = "Binge Tracker";
			};
			name = Release;
		};
/* End XCBuildConfiguration section */

/* Begin XCConfigurationList section */
		170878451F26540300FE42AF /* Build configuration list for PBXProject "Binge Tracker" */ = {
			isa = XCConfigurationList;
			buildConfigurations = (
				170878701F26540300FE42AF /* Debug */,
				170878711F26540300FE42AF /* Release */,
			);
			defaultConfigurationIsVisible = 0;
			defaultConfigurationName = Release;
		};
		170878721F26540300FE42AF /* Build configuration list for PBXNativeTarget "Binge Tracker" */ = {
			isa = XCConfigurationList;
			buildConfigurations = (
				170878731F26540300FE42AF /* Debug */,
				170878741F26540300FE42AF /* Release */,
			);
			defaultConfigurationIsVisible = 0;
			defaultConfigurationName = Release;
		};
		170878751F26540300FE42AF /* Build configuration list for PBXNativeTarget "Binge TrackerTests" */ = {
			isa = XCConfigurationList;
			buildConfigurations = (
				170878761F26540300FE42AF /* Debug */,
				170878771F26540300FE42AF /* Release */,
			);
			defaultConfigurationIsVisible = 0;
			defaultConfigurationName = Release;
		};
		170878781F26540300FE42AF /* Build configuration list for PBXNativeTarget "Binge TrackerUITests" */ = {
			isa = XCConfigurationList;
			buildConfigurations = (
				170878791F26540300FE42AF /* Debug */,
				1708787A1F26540300FE42AF /* Release */,
			);
			defaultConfigurationIsVisible = 0;
			defaultConfigurationName = Release;
		};
/* End XCConfigurationList section */
	};
	rootObject = 170878421F26540300FE42AF /* Project object */;
}
